{
  "name": "myrevstring",
  "version": "0.1.1",
  "lockfileVersion": 3,
  "requires": true,
  "packages": {
    "": {
      "name": "myrevstring",
      "version": "0.1.1",
      "license": "ISC",
      "dependencies": {
        "myrevstring": "^0.1.1"
      }
    },
    "node_modules/myrevstring": {
      "version": "0.1.1",
      "resolved": "https://registry.npmjs.org/myrevstring/-/myrevstring-0.1.1.tgz",
      "integrity": "sha512-RfdTWuCU7ODCYV7U/MtgfXRyC7VMst5o+oheAoiEMikE+mjGf+o7V29dMbzNH5PvBZtdOQ6jo0FBTKFv5Vb7+g=="
    }
  }
}
